[[package]]
category = "main"
description = "Abseil Python Common Libraries, see https://github.com/abseil/abseil-py."
name = "absl-py"
optional = false
python-versions = "*"
version = "0.9.0"

[package.dependencies]
six = "*"

[[package]]
category = "main"
description = "Read/rewrite/write Python ASTs"
name = "astor"
optional = false
python-versions = "!=3.0.*,!=3.1.*,!=3.2.*,!=3.3.*,>=2.7"
version = "0.8.1"

[[package]]
category = "dev"
description = "A tool that automatically formats Python code to conform to the PEP 8 style guide"
name = "autopep8"
optional = false
python-versions = "*"
version = "1.5.2"

[package.dependencies]
pycodestyle = ">=2.5.0"

[[package]]
category = "main"
description = "The bidirectional mapping library for Python."
name = "bidict"
optional = false
python-versions = ">=3"
version = "0.19.0"

[package.extras]
coverage = ["coverage (<5)", "pytest-cov (<3)"]
dev = ["setuptools-scm (<4)", "Sphinx (<3)", "docutils (0.15.2)", "hypothesis (<5)", "py (<2)", "pytest (<6)", "pytest-benchmark (>=3.2.0,<4)", "sortedcollections (<2)", "sortedcontainers (<3)", "coverage (<5)", "pytest-cov (<3)", "flake8 (<3.8)", "pydocstyle (<3.1)", "pylint (2.4.3)", "astroid (2.3.2)", "pre-commit (<2)", "tox (<4)"]
docs = ["Sphinx (<3)", "docutils (0.15.2)"]
flake8 = ["flake8 (<3.8)"]
lint = ["flake8 (<3.8)", "pydocstyle (<3.1)", "pylint (2.4.3)", "astroid (2.3.2)"]
pydocstyle = ["pydocstyle (<3.1)"]
pylint = ["pylint (2.4.3)", "astroid (2.3.2)"]
sphinx = ["Sphinx (<3)", "docutils (0.15.2)"]
test = ["hypothesis (<5)", "py (<2)", "pytest (<6)", "pytest-benchmark (>=3.2.0,<4)", "sortedcollections (<2)", "sortedcontainers (<3)", "Sphinx (<3)", "docutils (0.15.2)"]

[[package]]
category = "main"
description = "A toolbox for biosignal processing written in Python."
name = "biosppy"
optional = false
python-versions = ">=2.7.10"
version = "0.6.1"

[package.dependencies]
bidict = "*"
h5py = "*"
matplotlib = "*"
numpy = "*"
scikit-learn = "*"
scipy = "*"
shortuuid = "*"
six = "*"

[package.source]
reference = "7ed796cc025efb2bf168948fe021ac88223e2329"
type = "git"
url = "https://github.com/magdasalatka/BioSPPy.git"

[[package]]
category = "main"
description = "Composable style cycles"
name = "cycler"
optional = false
python-versions = "*"
version = "0.10.0"

[package.dependencies]
six = "*"

[[package]]
category = "main"
description = "Python AST that abstracts the underlying Python version"
name = "gast"
optional = false
python-versions = ">=2.7, !=3.0.*, !=3.1.*, !=3.2.*, !=3.3.*"
version = "0.2.2"

[[package]]
category = "main"
description = "pasta is an AST-based Python refactoring library"
name = "google-pasta"
optional = false
python-versions = "*"
version = "0.2.0"

[package.dependencies]
six = "*"

[[package]]
category = "main"
description = "HTTP/2-based RPC framework"
name = "grpcio"
optional = false
python-versions = "*"
version = "1.28.1"

[package.dependencies]
six = ">=1.5.2"

[[package]]
category = "main"
description = "Read and write HDF5 files from Python"
name = "h5py"
optional = false
python-versions = "*"
version = "2.10.0"

[package.dependencies]
numpy = ">=1.7"
six = "*"

[[package]]
category = "main"
description = "Read metadata from Python packages"
marker = "python_version < \"3.8\""
name = "importlib-metadata"
optional = false
python-versions = "!=3.0.*,!=3.1.*,!=3.2.*,!=3.3.*,!=3.4.*,>=2.7"
version = "1.6.0"

[package.dependencies]
zipp = ">=0.5"

[package.extras]
docs = ["sphinx", "rst.linker"]
testing = ["packaging", "importlib-resources"]

[[package]]
category = "main"
description = "Deep Learning for humans"
name = "keras"
optional = false
python-versions = "*"
version = "2.2.4"

[package.dependencies]
h5py = "*"
keras-applications = ">=1.0.6"
keras-preprocessing = ">=1.0.5"
numpy = ">=1.9.1"
pyyaml = "*"
scipy = ">=0.14"
six = ">=1.9.0"

[package.extras]
tests = ["pytest", "pytest-pep8", "pytest-xdist", "pytest-cov", "pytest-timeout", "pandas", "requests"]
visualize = ["pydot (>=1.2.4)"]

[[package]]
category = "main"
description = "Reference implementations of popular deep learning models"
name = "keras-applications"
optional = false
python-versions = "*"
version = "1.0.8"

[package.dependencies]
h5py = "*"
numpy = ">=1.9.1"

[package.extras]
tests = ["pytest", "pytest-pep8", "pytest-xdist", "pytest-cov"]

[[package]]
category = "main"
description = "Easy data preprocessing and data augmentation for deep learning models"
name = "keras-preprocessing"
optional = false
python-versions = "*"
version = "1.1.0"

[package.dependencies]
numpy = ">=1.9.1"
six = ">=1.9.0"

[package.extras]
image = ["scipy (>=0.14)", "Pillow (>=5.2.0)"]
pep8 = ["flake8"]
tests = ["pandas", "pillow", "tensorflow (1.7)", "keras", "pytest", "pytest-xdist", "pytest-cov"]

[[package]]
category = "main"
description = "A fast implementation of the Cassowary constraint solver"
name = "kiwisolver"
optional = false
python-versions = ">=3.6"
version = "1.2.0"

[[package]]
category = "main"
description = "LightGBM Python Package"
name = "lightgbm"
optional = false
python-versions = "*"
version = "2.2.3"

[package.dependencies]
numpy = "*"
scikit-learn = "*"
scipy = "*"

[[package]]
category = "main"
description = "Python implementation of Markdown."
name = "markdown"
optional = false
python-versions = ">=3.5"
version = "3.2.2"

[package.dependencies]
[package.dependencies.importlib-metadata]
python = "<3.8"
version = "*"

[package.extras]
testing = ["coverage", "pyyaml"]

[[package]]
category = "main"
description = "Python plotting package"
name = "matplotlib"
optional = false
python-versions = ">=3.5"
version = "3.0.3"

[package.dependencies]
cycler = ">=0.10"
kiwisolver = ">=1.0.1"
numpy = ">=1.10.0"
pyparsing = ">=2.0.1,<2.0.4 || >2.0.4,<2.1.2 || >2.1.2,<2.1.6 || >2.1.6"
python-dateutil = ">=2.1"

[[package]]
category = "main"
description = "NumPy is the fundamental package for array computing with Python."
name = "numpy"
optional = false
python-versions = ">=3.5"
version = "1.18.4"

[[package]]
category = "main"
description = "Optimizing numpys einsum function"
name = "opt-einsum"
optional = false
python-versions = ">=3.5"
version = "3.2.1"

[package.dependencies]
numpy = ">=1.7"

[package.extras]
docs = ["sphinx (1.2.3)", "sphinxcontrib-napoleon", "sphinx-rtd-theme", "numpydoc"]
tests = ["pytest", "pytest-cov", "pytest-pep8"]

[[package]]
category = "main"
description = "Powerful data structures for data analysis, time series, and statistics"
name = "pandas"
optional = false
python-versions = ">=2.7,!=3.0.*,!=3.1.*,!=3.2.*,!=3.3.*,!=3.4.*"
version = "0.24.2"

[package.dependencies]
numpy = ">=1.12.0"
python-dateutil = ">=2.5.0"
pytz = ">=2011k"

[[package]]
category = "main"
description = "Protocol Buffers"
name = "protobuf"
optional = false
python-versions = "*"
version = "3.11.3"

[package.dependencies]
setuptools = "*"
six = ">=1.9"

[[package]]
category = "dev"
description = "Python style guide checker"
name = "pycodestyle"
optional = false
python-versions = ">=2.7, !=3.0.*, !=3.1.*, !=3.2.*, !=3.3.*"
version = "2.5.0"

[[package]]
category = "main"
description = "Python parsing module"
name = "pyparsing"
optional = false
python-versions = ">=2.6, !=3.0.*, !=3.1.*, !=3.2.*"
version = "2.4.7"

[[package]]
category = "main"
description = "Extensions to the standard Python datetime module"
name = "python-dateutil"
optional = false
python-versions = "!=3.0.*,!=3.1.*,!=3.2.*,>=2.7"
version = "2.8.1"

[package.dependencies]
six = ">=1.5"

[[package]]
category = "main"
description = "World timezone definitions, modern and historical"
name = "pytz"
optional = false
python-versions = "*"
version = "2020.1"

[[package]]
category = "main"
description = "YAML parser and emitter for Python"
name = "pyyaml"
optional = false
python-versions = ">=2.7, !=3.0.*, !=3.1.*, !=3.2.*, !=3.3.*, !=3.4.*"
version = "5.3.1"

[[package]]
category = "main"
description = "A set of python modules for machine learning and data mining"
name = "scikit-learn"
optional = false
python-versions = "*"
version = "0.20.3"

[package.dependencies]
numpy = ">=1.8.2"
scipy = ">=0.13.3"

[package.extras]
alldeps = ["numpy (>=1.8.2)", "scipy (>=0.13.3)"]

[[package]]
category = "main"
description = "SciPy: Scientific Library for Python"
name = "scipy"
optional = false
python-versions = ">=3.5"
version = "1.4.1"

[package.dependencies]
numpy = ">=1.13.3"

[[package]]
category = "main"
description = "A generator library for concise, unambiguous and URL-safe UUIDs."
name = "shortuuid"
optional = false
python-versions = ">=3.5"
version = "1.0.1"

[[package]]
category = "main"
description = "Python 2 and 3 compatibility utilities"
name = "six"
optional = false
python-versions = ">=2.7, !=3.0.*, !=3.1.*, !=3.2.*"
version = "1.14.0"

[[package]]
category = "main"
description = "TensorBoard lets you watch Tensors Flow"
name = "tensorboard"
optional = false
python-versions = ">= 2.7, != 3.0.*, != 3.1.*"
version = "1.15.0"

[package.dependencies]
absl-py = ">=0.4"
grpcio = ">=1.6.3"
markdown = ">=2.6.8"
numpy = ">=1.12.0"
protobuf = ">=3.6.0"
setuptools = ">=41.0.0"
six = ">=1.10.0"
werkzeug = ">=0.11.15"

[package.dependencies.wheel]
python = ">=3"
version = ">=0.26"

[[package]]
category = "main"
description = "TensorFlow Estimator."
name = "tensorflow-estimator"
optional = false
python-versions = "*"
version = "1.15.1"

[[package]]
category = "main"
description = "TensorFlow is an open source machine learning framework for everyone."
name = "tensorflow-gpu"
optional = false
python-versions = "*"
version = "1.15.2"

[package.dependencies]
absl-py = ">=0.7.0"
astor = ">=0.6.0"
gast = "0.2.2"
google-pasta = ">=0.1.6"
grpcio = ">=1.8.6"
keras-applications = ">=1.0.8"
keras-preprocessing = ">=1.0.5"
numpy = ">=1.16.0,<2.0"
opt-einsum = ">=2.3.2"
protobuf = ">=3.6.1"
six = ">=1.10.0"
tensorboard = ">=1.15.0,<1.16.0"
tensorflow-estimator = "1.15.1"
termcolor = ">=1.1.0"
wrapt = ">=1.11.1"

[package.dependencies.wheel]
python = ">=3"
version = ">=0.26"

[[package]]
category = "main"
description = "ANSII Color formatting for output in terminal."
name = "termcolor"
optional = false
python-versions = "*"
version = "1.1.0"

[[package]]
category = "main"
description = "The comprehensive WSGI web application library."
name = "werkzeug"
optional = false
python-versions = ">=2.7, !=3.0.*, !=3.1.*, !=3.2.*, !=3.3.*, !=3.4.*"
version = "1.0.1"

[package.extras]
dev = ["pytest", "pytest-timeout", "coverage", "tox", "sphinx", "pallets-sphinx-themes", "sphinx-issues"]
watchdog = ["watchdog"]

[[package]]
category = "main"
description = "A built-package format for Python"
marker = "python_version >= \"3\""
name = "wheel"
optional = false
python-versions = ">=2.7, !=3.0.*, !=3.1.*, !=3.2.*, !=3.3.*, !=3.4.*"
version = "0.34.2"

[package.extras]
test = ["pytest (>=3.0.0)", "pytest-cov"]

[[package]]
category = "main"
description = "Module for decorators, wrappers and monkey patching."
name = "wrapt"
optional = false
python-versions = "*"
version = "1.12.1"

[[package]]
category = "main"
description = "Backport of pathlib-compatible object wrapper for zip files"
marker = "python_version < \"3.8\""
name = "zipp"
optional = false
python-versions = ">=3.6"
version = "3.1.0"

[package.extras]
docs = ["sphinx", "jaraco.packaging (>=3.2)", "rst.linker (>=1.9)"]
testing = ["jaraco.itertools", "func-timeout"]

[metadata]
content-hash = "dd95174b9492596f8f7f8ba0e933e7bafbc12b6d24eb81287d874d8d175cdc91"
python-versions = "^3.7"

[metadata.files]
absl-py = [
    {file = "absl-py-0.9.0.tar.gz", hash = "sha256:75e737d6ce7723d9ff9b7aa1ba3233c34be62ef18d5859e706b8fdc828989830"},
]
astor = [
    {file = "astor-0.8.1-py2.py3-none-any.whl", hash = "sha256:070a54e890cefb5b3739d19f30f5a5ec840ffc9c50ffa7d23cc9fc1a38ebbfc5"},
    {file = "astor-0.8.1.tar.gz", hash = "sha256:6a6effda93f4e1ce9f618779b2dd1d9d84f1e32812c23a29b3fff6fd7f63fa5e"},
]
autopep8 = [
    {file = "autopep8-1.5.2.tar.gz", hash = "sha256:152fd8fe47d02082be86e05001ec23d6f420086db56b17fc883f3f965fb34954"},
]
bidict = [
    {file = "bidict-0.19.0-py2.py3-none-any.whl", hash = "sha256:754756ef233b3c71984b185b7028fdd6f402382e84c9d3e89b0b866d40dd5d45"},
    {file = "bidict-0.19.0.tar.gz", hash = "sha256:ef7461a18fb4a6f3ccaa73f43ffe2e98661fba4b43b647ec7886b3298c8e9187"},
]
biosppy = []
cycler = [
    {file = "cycler-0.10.0-py2.py3-none-any.whl", hash = "sha256:1d8a5ae1ff6c5cf9b93e8811e581232ad8920aeec647c37316ceac982b08cb2d"},
    {file = "cycler-0.10.0.tar.gz", hash = "sha256:cd7b2d1018258d7247a71425e9f26463dfb444d411c39569972f4ce586b0c9d8"},
]
gast = [
    {file = "gast-0.2.2.tar.gz", hash = "sha256:fe939df4583692f0512161ec1c880e0a10e71e6a232da045ab8edd3756fbadf0"},
]
google-pasta = [
    {file = "google-pasta-0.2.0.tar.gz", hash = "sha256:c9f2c8dfc8f96d0d5808299920721be30c9eec37f2389f28904f454565c8a16e"},
    {file = "google_pasta-0.2.0-py2-none-any.whl", hash = "sha256:4612951da876b1a10fe3960d7226f0c7682cf901e16ac06e473b267a5afa8954"},
    {file = "google_pasta-0.2.0-py3-none-any.whl", hash = "sha256:b32482794a366b5366a32c92a9a9201b107821889935a02b3e51f6b432ea84ed"},
]
grpcio = [
    {file = "grpcio-1.28.1-cp27-cp27m-macosx_10_9_x86_64.whl", hash = "sha256:085bbf7fd0070b8d65e84aa32979f17cfe624d27b5ce23955ef770c19d2d9623"},
    {file = "grpcio-1.28.1-cp27-cp27m-manylinux2010_i686.whl", hash = "sha256:f80d10bdf1a306f7063046321fd4efc7732a606acdd4e6259b8a37349079b704"},
    {file = "grpcio-1.28.1-cp27-cp27m-manylinux2010_x86_64.whl", hash = "sha256:e9439d7b801c86df13c6cbb4c5a7e181c058f3c119d5e119a94a5f3090a8f060"},
    {file = "grpcio-1.28.1-cp27-cp27m-win32.whl", hash = "sha256:271abbe28eb99fa5c70b3f272c0c66b67dab7bb11e1d29d8e616b4e0e099d29a"},
    {file = "grpcio-1.28.1-cp27-cp27m-win_amd64.whl", hash = "sha256:df749ee982ec35ab76d37a1e637b10a92b4573e2b4e1f86a5fa8a1273c40a850"},
    {file = "grpcio-1.28.1-cp27-cp27mu-linux_armv7l.whl", hash = "sha256:0ef6b380a588c2c6b29c6cfa0ba7f5d367beb33d5504bcc68658fa241ad498d2"},
    {file = "grpcio-1.28.1-cp27-cp27mu-manylinux2010_i686.whl", hash = "sha256:c6565cc92853af13237b2233f331efdad07339d27fe1f5f74256bfde7dc2f587"},
    {file = "grpcio-1.28.1-cp27-cp27mu-manylinux2010_x86_64.whl", hash = "sha256:97b5612fc5d4bbf0490a2d80bed5eab5b59112ef1640440c1a9ac824bafa6968"},
    {file = "grpcio-1.28.1-cp35-cp35m-linux_armv7l.whl", hash = "sha256:4bef0756b9e0df78e8d67a5b1e0e89b7daf41525d575f74e1f14a993c55b680d"},
    {file = "grpcio-1.28.1-cp35-cp35m-macosx_10_7_intel.whl", hash = "sha256:0c130204ff5de0b9f041bf3126db0d29369d69883592e4b0d3c19868ba0ced7e"},
    {file = "grpcio-1.28.1-cp35-cp35m-manylinux2010_i686.whl", hash = "sha256:70ff2df0c1795c5cf585a72d95bb458838b40bad5653c314b9067ba819e918f9"},
    {file = "grpcio-1.28.1-cp35-cp35m-manylinux2010_x86_64.whl", hash = "sha256:a35f8f4a0334ed8b05db90383aecef8e49923ab430689a4360a74052f3a89cf4"},
    {file = "grpcio-1.28.1-cp35-cp35m-win32.whl", hash = "sha256:f83b0c91796eb42865451a20e82246011078ba067ea0744f7301e12a94ae2e1b"},
    {file = "grpcio-1.28.1-cp35-cp35m-win_amd64.whl", hash = "sha256:c2e53eb253840f05278a8410628419ba7060815f86d48c9d83b6047de21c9956"},
    {file = "grpcio-1.28.1-cp36-cp36m-linux_armv7l.whl", hash = "sha256:16f5523dacae5aaeda4cf900da7e980747f663298c38c18eb4e5317704aa007a"},
    {file = "grpcio-1.28.1-cp36-cp36m-macosx_10_9_x86_64.whl", hash = "sha256:3c7864d5ae63b787001b01b376f6315aef1a015aa9c809535235ed0ead907919"},
    {file = "grpcio-1.28.1-cp36-cp36m-manylinux2010_i686.whl", hash = "sha256:c3645887db3309fc87c3db740b977d403fb265ebab292f1f6a926c4661231fd5"},
    {file = "grpcio-1.28.1-cp36-cp36m-manylinux2010_x86_64.whl", hash = "sha256:16e1edb367763ea08d0994d4635ec05f4f8db9db59c39304b061097e3b93df43"},
    {file = "grpcio-1.28.1-cp36-cp36m-win32.whl", hash = "sha256:5c2e81b6ab9768c43f2ca1c9a4c925823aad79ae95efb351007df4b92ebce592"},
    {file = "grpcio-1.28.1-cp36-cp36m-win_amd64.whl", hash = "sha256:245564713cb4ac7bccb0f11be63781beb62299a44d8ab69031c859dbd9461728"},
    {file = "grpcio-1.28.1-cp37-cp37m-macosx_10_9_x86_64.whl", hash = "sha256:f493ac4754717f25ace3614a51dd408a32b8bff3c9c0c85e9356e7e0a120a8c8"},
    {file = "grpcio-1.28.1-cp37-cp37m-manylinux2010_i686.whl", hash = "sha256:3366bd6412c1e73acb1ee27d7f0c7d7dbee118ad8d98c957c8173691b2effeec"},
    {file = "grpcio-1.28.1-cp37-cp37m-manylinux2010_x86_64.whl", hash = "sha256:4fe081862e58b8fbef0e479aefc9a64f8f17f53074df1085d8c1fe825a6e5df4"},
    {file = "grpcio-1.28.1-cp37-cp37m-win32.whl", hash = "sha256:3893b39a0a17d857dc3a42fdb02a26aa53a59bfce49987187bcc0261647f1f55"},
    {file = "grpcio-1.28.1-cp37-cp37m-win_amd64.whl", hash = "sha256:2e1b01cba26988c811c7fb91a0bca19c9afb776cc3d228993f08d324bdd0510a"},
    {file = "grpcio-1.28.1-cp38-cp38-macosx_10_9_x86_64.whl", hash = "sha256:181b5078cf568f37915b8a118afcef5fc9f3128c59c38998ed93e7dd793e3928"},
    {file = "grpcio-1.28.1-cp38-cp38-manylinux2010_i686.whl", hash = "sha256:aafe85a8210dfa1da3c46831b7f00c3735240b7b028eeba339eaea6ffdb593fb"},
    {file = "grpcio-1.28.1-cp38-cp38-manylinux2010_x86_64.whl", hash = "sha256:42c6716adf3ec1f608b2b56e885f26dd86e80d2fc1617f51fc92d1b0b649e28e"},
    {file = "grpcio-1.28.1-cp38-cp38-win32.whl", hash = "sha256:505a8d1b4ac571a51f10c4c995d5d4714f03c886604dc3c097ef5fd57bcfcf0b"},
    {file = "grpcio-1.28.1-cp38-cp38-win_amd64.whl", hash = "sha256:0ae207a47ec0ad66eb1f53a27d566674d13a236c62ced409891335318ea9b8c5"},
    {file = "grpcio-1.28.1.tar.gz", hash = "sha256:cbc322c5d5615e67c2a15be631f64e6c2bab8c12505bc7c150948abdaa0bdbac"},
]
h5py = [
    {file = "h5py-2.10.0-cp27-cp27m-macosx_10_6_intel.whl", hash = "sha256:ecf4d0b56ee394a0984de15bceeb97cbe1fe485f1ac205121293fc44dcf3f31f"},
    {file = "h5py-2.10.0-cp27-cp27m-manylinux1_i686.whl", hash = "sha256:86868dc07b9cc8cb7627372a2e6636cdc7a53b7e2854ad020c9e9d8a4d3fd0f5"},
    {file = "h5py-2.10.0-cp27-cp27m-manylinux1_x86_64.whl", hash = "sha256:aac4b57097ac29089f179bbc2a6e14102dd210618e94d77ee4831c65f82f17c0"},
    {file = "h5py-2.10.0-cp27-cp27m-win32.whl", hash = "sha256:7be5754a159236e95bd196419485343e2b5875e806fe68919e087b6351f40a70"},
    {file = "h5py-2.10.0-cp27-cp27m-win_amd64.whl", hash = "sha256:13c87efa24768a5e24e360a40e0bc4c49bcb7ce1bb13a3a7f9902cec302ccd36"},
    {file = "h5py-2.10.0-cp27-cp27mu-manylinux1_i686.whl", hash = "sha256:79b23f47c6524d61f899254f5cd5e486e19868f1823298bc0c29d345c2447172"},
    {file = "h5py-2.10.0-cp27-cp27mu-manylinux1_x86_64.whl", hash = "sha256:cbf28ae4b5af0f05aa6e7551cee304f1d317dbed1eb7ac1d827cee2f1ef97a99"},
    {file = "h5py-2.10.0-cp34-cp34m-manylinux1_i686.whl", hash = "sha256:c0d4b04bbf96c47b6d360cd06939e72def512b20a18a8547fa4af810258355d5"},
    {file = "h5py-2.10.0-cp34-cp34m-manylinux1_x86_64.whl", hash = "sha256:549ad124df27c056b2e255ea1c44d30fb7a17d17676d03096ad5cd85edb32dc1"},
    {file = "h5py-2.10.0-cp35-cp35m-macosx_10_6_intel.whl", hash = "sha256:a5f82cd4938ff8761d9760af3274acf55afc3c91c649c50ab18fcff5510a14a5"},
    {file = "h5py-2.10.0-cp35-cp35m-manylinux1_i686.whl", hash = "sha256:3dad1730b6470fad853ef56d755d06bb916ee68a3d8272b3bab0c1ddf83bb99e"},
    {file = "h5py-2.10.0-cp35-cp35m-manylinux1_x86_64.whl", hash = "sha256:063947eaed5f271679ed4ffa36bb96f57bc14f44dd4336a827d9a02702e6ce6b"},
    {file = "h5py-2.10.0-cp35-cp35m-win32.whl", hash = "sha256:c54a2c0dd4957776ace7f95879d81582298c5daf89e77fb8bee7378f132951de"},
    {file = "h5py-2.10.0-cp35-cp35m-win_amd64.whl", hash = "sha256:6998be619c695910cb0effe5eb15d3a511d3d1a5d217d4bd0bebad1151ec2262"},
    {file = "h5py-2.10.0-cp36-cp36m-macosx_10_6_intel.whl", hash = "sha256:ff7d241f866b718e4584fa95f520cb19405220c501bd3a53ee11871ba5166ea2"},
    {file = "h5py-2.10.0-cp36-cp36m-manylinux1_i686.whl", hash = "sha256:54817b696e87eb9e403e42643305f142cd8b940fe9b3b490bbf98c3b8a894cf4"},
    {file = "h5py-2.10.0-cp36-cp36m-manylinux1_x86_64.whl", hash = "sha256:d3c59549f90a891691991c17f8e58c8544060fdf3ccdea267100fa5f561ff62f"},
    {file = "h5py-2.10.0-cp36-cp36m-win32.whl", hash = "sha256:d7ae7a0576b06cb8e8a1c265a8bc4b73d05fdee6429bffc9a26a6eb531e79d72"},
    {file = "h5py-2.10.0-cp36-cp36m-win_amd64.whl", hash = "sha256:bffbc48331b4a801d2f4b7dac8a72609f0b10e6e516e5c480a3e3241e091c878"},
    {file = "h5py-2.10.0-cp37-cp37m-macosx_10_6_intel.whl", hash = "sha256:51ae56894c6c93159086ffa2c94b5b3388c0400548ab26555c143e7cfa05b8e5"},
    {file = "h5py-2.10.0-cp37-cp37m-manylinux1_i686.whl", hash = "sha256:16ead3c57141101e3296ebeed79c9c143c32bdd0e82a61a2fc67e8e6d493e9d1"},
    {file = "h5py-2.10.0-cp37-cp37m-manylinux1_x86_64.whl", hash = "sha256:f0e25bb91e7a02efccb50aba6591d3fe2c725479e34769802fcdd4076abfa917"},
    {file = "h5py-2.10.0-cp37-cp37m-win32.whl", hash = "sha256:f23951a53d18398ef1344c186fb04b26163ca6ce449ebd23404b153fd111ded9"},
    {file = "h5py-2.10.0-cp37-cp37m-win_amd64.whl", hash = "sha256:8bb1d2de101f39743f91512a9750fb6c351c032e5cd3204b4487383e34da7f75"},
    {file = "h5py-2.10.0-cp38-cp38-macosx_10_9_x86_64.whl", hash = "sha256:64f74da4a1dd0d2042e7d04cf8294e04ddad686f8eba9bb79e517ae582f6668d"},
    {file = "h5py-2.10.0-cp38-cp38-manylinux1_x86_64.whl", hash = "sha256:d35f7a3a6cefec82bfdad2785e78359a0e6a5fbb3f605dd5623ce88082ccd681"},
    {file = "h5py-2.10.0-cp38-cp38-win32.whl", hash = "sha256:6ef7ab1089e3ef53ca099038f3c0a94d03e3560e6aff0e9d6c64c55fb13fc681"},
    {file = "h5py-2.10.0-cp38-cp38-win_amd64.whl", hash = "sha256:769e141512b54dee14ec76ed354fcacfc7d97fea5a7646b709f7400cf1838630"},
    {file = "h5py-2.10.0.tar.gz", hash = "sha256:84412798925dc870ffd7107f045d7659e60f5d46d1c70c700375248bf6bf512d"},
]
importlib-metadata = [
    {file = "importlib_metadata-1.6.0-py2.py3-none-any.whl", hash = "sha256:2a688cbaa90e0cc587f1df48bdc97a6eadccdcd9c35fb3f976a09e3b5016d90f"},
    {file = "importlib_metadata-1.6.0.tar.gz", hash = "sha256:34513a8a0c4962bc66d35b359558fd8a5e10cd472d37aec5f66858addef32c1e"},
]
keras = [
    {file = "Keras-2.2.4-py2.py3-none-any.whl", hash = "sha256:794d0c92c6c4122f1f0fcf3a7bc2f49054c6a54ddbef8d8ffafca62795d760b6"},
    {file = "Keras-2.2.4.tar.gz", hash = "sha256:90b610a3dbbf6d257b20a079eba3fdf2eed2158f64066a7c6f7227023fd60bc9"},
]
keras-applications = [
    {file = "Keras_Applications-1.0.8-py3-none-any.whl", hash = "sha256:df4323692b8c1174af821bf906f1e442e63fa7589bf0f1230a0b6bdc5a810c95"},
    {file = "Keras_Applications-1.0.8.tar.gz", hash = "sha256:5579f9a12bcde9748f4a12233925a59b93b73ae6947409ff34aa2ba258189fe5"},
]
keras-preprocessing = [
    {file = "Keras_Preprocessing-1.1.0-py2.py3-none-any.whl", hash = "sha256:44aee5f2c4d80c3b29f208359fcb336df80f293a0bb6b1c738da43ca206656fb"},
    {file = "Keras_Preprocessing-1.1.0.tar.gz", hash = "sha256:5a8debe01d840de93d49e05ccf1c9b81ae30e210d34dacbcc47aeb3049b528e5"},
]
kiwisolver = [
    {file = "kiwisolver-1.2.0-cp36-cp36m-macosx_10_9_x86_64.whl", hash = "sha256:443c2320520eda0a5b930b2725b26f6175ca4453c61f739fef7a5847bd262f74"},
    {file = "kiwisolver-1.2.0-cp36-cp36m-manylinux1_i686.whl", hash = "sha256:efcf3397ae1e3c3a4a0a0636542bcad5adad3b1dd3e8e629d0b6e201347176c8"},
    {file = "kiwisolver-1.2.0-cp36-cp36m-manylinux1_x86_64.whl", hash = "sha256:fccefc0d36a38c57b7bd233a9b485e2f1eb71903ca7ad7adacad6c28a56d62d2"},
    {file = "kiwisolver-1.2.0-cp36-none-win32.whl", hash = "sha256:60a78858580761fe611d22127868f3dc9f98871e6fdf0a15cc4203ed9ba6179b"},
    {file = "kiwisolver-1.2.0-cp36-none-win_amd64.whl", hash = "sha256:556da0a5f60f6486ec4969abbc1dd83cf9b5c2deadc8288508e55c0f5f87d29c"},
    {file = "kiwisolver-1.2.0-cp37-cp37m-macosx_10_9_x86_64.whl", hash = "sha256:7cc095a4661bdd8a5742aaf7c10ea9fac142d76ff1770a0f84394038126d8fc7"},
    {file = "kiwisolver-1.2.0-cp37-cp37m-manylinux1_i686.whl", hash = "sha256:c955791d80e464da3b471ab41eb65cf5a40c15ce9b001fdc5bbc241170de58ec"},
    {file = "kiwisolver-1.2.0-cp37-cp37m-manylinux1_x86_64.whl", hash = "sha256:603162139684ee56bcd57acc74035fceed7dd8d732f38c0959c8bd157f913fec"},
    {file = "kiwisolver-1.2.0-cp37-none-win32.whl", hash = "sha256:03662cbd3e6729f341a97dd2690b271e51a67a68322affab12a5b011344b973c"},
    {file = "kiwisolver-1.2.0-cp37-none-win_amd64.whl", hash = "sha256:4eadb361baf3069f278b055e3bb53fa189cea2fd02cb2c353b7a99ebb4477ef1"},
    {file = "kiwisolver-1.2.0-cp38-cp38-macosx_10_9_x86_64.whl", hash = "sha256:c31bc3c8e903d60a1ea31a754c72559398d91b5929fcb329b1c3a3d3f6e72113"},
    {file = "kiwisolver-1.2.0-cp38-cp38-manylinux1_i686.whl", hash = "sha256:d52b989dc23cdaa92582ceb4af8d5bcc94d74b2c3e64cd6785558ec6a879793e"},
    {file = "kiwisolver-1.2.0-cp38-cp38-manylinux1_x86_64.whl", hash = "sha256:e586b28354d7b6584d8973656a7954b1c69c93f708c0c07b77884f91640b7657"},
    {file = "kiwisolver-1.2.0-cp38-none-win32.whl", hash = "sha256:d069ef4b20b1e6b19f790d00097a5d5d2c50871b66d10075dab78938dc2ee2cf"},
    {file = "kiwisolver-1.2.0-cp38-none-win_amd64.whl", hash = "sha256:18d749f3e56c0480dccd1714230da0f328e6e4accf188dd4e6884bdd06bf02dd"},
    {file = "kiwisolver-1.2.0.tar.gz", hash = "sha256:247800260cd38160c362d211dcaf4ed0f7816afb5efe56544748b21d6ad6d17f"},
]
lightgbm = [
    {file = "lightgbm-2.2.3-py2.py3-none-macosx_10_8_x86_64.macosx_10_9_x86_64.macosx_10_10_x86_64.macosx_10_11_x86_64.macosx_10_12_x86_64.macosx_10_13_x86_64.macosx_10_14_x86_64.whl", hash = "sha256:1106082265671d87b183a29aee2e849b5f0ad81474c889d38d1250cf6ef19583"},
    {file = "lightgbm-2.2.3-py2.py3-none-manylinux1_x86_64.whl", hash = "sha256:0dc1729b6974eaad3ded060ca3b508f400bf4976550a7d4a3d4091a3cbe3bf5f"},
    {file = "lightgbm-2.2.3-py2.py3-none-win_amd64.whl", hash = "sha256:fe4701e65b1151824375d23108d4098266edfe6c556f596f84577b3763dce977"},
    {file = "lightgbm-2.2.3.tar.gz", hash = "sha256:40354d21da6bfa73c7ada4d01b2e0b22eaae00f93e90bdaf3fc423020c273890"},
]
markdown = [
    {file = "Markdown-3.2.2-py3-none-any.whl", hash = "sha256:c467cd6233885534bf0fe96e62e3cf46cfc1605112356c4f9981512b8174de59"},
    {file = "Markdown-3.2.2.tar.gz", hash = "sha256:1fafe3f1ecabfb514a5285fca634a53c1b32a81cb0feb154264d55bf2ff22c17"},
]
matplotlib = [
    {file = "matplotlib-3.0.3-cp35-cp35m-macosx_10_6_intel.macosx_10_9_intel.macosx_10_9_x86_64.macosx_10_10_intel.macosx_10_10_x86_64.whl", hash = "sha256:e918d51b1fda82a65fdf52d2f3914b2246481cc2a9cd10e223e6be6078916ff3"},
    {file = "matplotlib-3.0.3-cp35-cp35m-manylinux1_x86_64.whl", hash = "sha256:63e498067d32d627111cd1162cae1621f1221f9d4c6a9745dd7233f29de581b6"},
    {file = "matplotlib-3.0.3-cp35-cp35m-win32.whl", hash = "sha256:91c54d6bb9eeaaff965656c5ea6cbdcbf780bad8462ac99b30b451548194746f"},
    {file = "matplotlib-3.0.3-cp35-cp35m-win_amd64.whl", hash = "sha256:cf8ae10559a78aee0409ede1e9d4fda03895433eeafe609dd9ed67e45f552db0"},
    {file = "matplotlib-3.0.3-cp36-cp36m-macosx_10_6_intel.macosx_10_9_intel.macosx_10_9_x86_64.macosx_10_10_intel.macosx_10_10_x86_64.whl", hash = "sha256:de5ccd3500247f85fe4f9fad90f80a8bd397e4f110a4c33fabf95f07403e8372"},
    {file = "matplotlib-3.0.3-cp36-cp36m-manylinux1_x86_64.whl", hash = "sha256:e8d1939262aa6b36d0c51f50a50a43a04b9618d20db31e6c0192b1463067aeef"},
    {file = "matplotlib-3.0.3-cp36-cp36m-win32.whl", hash = "sha256:d51d0889d1c4d51c51a9822265c0494ea3e70a52bdd88358e0863daca46fa23a"},
    {file = "matplotlib-3.0.3-cp36-cp36m-win_amd64.whl", hash = "sha256:1ae6549976b6ceb6ee426272a28c0fc9715b3e3669694d560c8f661c5b39e2c5"},
    {file = "matplotlib-3.0.3-cp37-cp37m-macosx_10_6_intel.macosx_10_9_intel.macosx_10_9_x86_64.macosx_10_10_intel.macosx_10_10_x86_64.whl", hash = "sha256:aeef177647bb3fccfe09065481989d7dfc5ac59e9367d6a00a3481062cf651e4"},
    {file = "matplotlib-3.0.3-cp37-cp37m-manylinux1_x86_64.whl", hash = "sha256:4d4250bf508dd07cca3b43888097f873cadb66eec6ac63dbbfb798798ec07af2"},
    {file = "matplotlib-3.0.3-cp37-cp37m-win32.whl", hash = "sha256:53af2e01d7f1700ed2b64a9091bc865360c9c4032f625451c4589a826854c787"},
    {file = "matplotlib-3.0.3-cp37-cp37m-win_amd64.whl", hash = "sha256:7169a34971e398dd58e87e173f97366fd88a3fa80852704530433eb224a8ca57"},
    {file = "matplotlib-3.0.3.tar.gz", hash = "sha256:e1d33589e32f482d0a7d1957bf473d43341115d40d33f578dad44432e47df7b7"},
]
numpy = [
    {file = "numpy-1.18.4-cp35-cp35m-macosx_10_9_intel.whl", hash = "sha256:efdba339fffb0e80fcc19524e4fdbda2e2b5772ea46720c44eaac28096d60720"},
    {file = "numpy-1.18.4-cp35-cp35m-manylinux1_i686.whl", hash = "sha256:2b573fcf6f9863ce746e4ad00ac18a948978bb3781cffa4305134d31801f3e26"},
    {file = "numpy-1.18.4-cp35-cp35m-manylinux1_x86_64.whl", hash = "sha256:3f0dae97e1126f529ebb66f3c63514a0f72a177b90d56e4bce8a0b5def34627a"},
    {file = "numpy-1.18.4-cp35-cp35m-win32.whl", hash = "sha256:dccd380d8e025c867ddcb2f84b439722cf1f23f3a319381eac45fd077dee7170"},
    {file = "numpy-1.18.4-cp35-cp35m-win_amd64.whl", hash = "sha256:02ec9582808c4e48be4e93cd629c855e644882faf704bc2bd6bbf58c08a2a897"},
    {file = "numpy-1.18.4-cp36-cp36m-macosx_10_9_x86_64.whl", hash = "sha256:904b513ab8fbcbdb062bed1ce2f794ab20208a1b01ce9bd90776c6c7e7257032"},
    {file = "numpy-1.18.4-cp36-cp36m-manylinux1_i686.whl", hash = "sha256:e22cd0f72fc931d6abc69dc7764484ee20c6a60b0d0fee9ce0426029b1c1bdae"},
    {file = "numpy-1.18.4-cp36-cp36m-manylinux1_x86_64.whl", hash = "sha256:2466fbcf23711ebc5daa61d28ced319a6159b260a18839993d871096d66b93f7"},
    {file = "numpy-1.18.4-cp36-cp36m-win32.whl", hash = "sha256:00d7b54c025601e28f468953d065b9b121ddca7fff30bed7be082d3656dd798d"},
    {file = "numpy-1.18.4-cp36-cp36m-win_amd64.whl", hash = "sha256:7d59f21e43bbfd9a10953a7e26b35b6849d888fc5a331fa84a2d9c37bd9fe2a2"},
    {file = "numpy-1.18.4-cp37-cp37m-macosx_10_9_x86_64.whl", hash = "sha256:efb7ac5572c9a57159cf92c508aad9f856f1cb8e8302d7fdb99061dbe52d712c"},
    {file = "numpy-1.18.4-cp37-cp37m-manylinux1_i686.whl", hash = "sha256:0e6f72f7bb08f2f350ed4408bb7acdc0daba637e73bce9f5ea2b207039f3af88"},
    {file = "numpy-1.18.4-cp37-cp37m-manylinux1_x86_64.whl", hash = "sha256:9933b81fecbe935e6a7dc89cbd2b99fea1bf362f2790daf9422a7bb1dc3c3085"},
    {file = "numpy-1.18.4-cp37-cp37m-win32.whl", hash = "sha256:96dd36f5cdde152fd6977d1bbc0f0561bccffecfde63cd397c8e6033eb66baba"},
    {file = "numpy-1.18.4-cp37-cp37m-win_amd64.whl", hash = "sha256:57aea170fb23b1fd54fa537359d90d383d9bf5937ee54ae8045a723caa5e0961"},
    {file = "numpy-1.18.4-cp38-cp38-macosx_10_9_x86_64.whl", hash = "sha256:ed722aefb0ebffd10b32e67f48e8ac4c5c4cf5d3a785024fdf0e9eb17529cd9d"},
    {file = "numpy-1.18.4-cp38-cp38-manylinux1_i686.whl", hash = "sha256:50fb72bcbc2cf11e066579cb53c4ca8ac0227abb512b6cbc1faa02d1595a2a5d"},
    {file = "numpy-1.18.4-cp38-cp38-manylinux1_x86_64.whl", hash = "sha256:709c2999b6bd36cdaf85cf888d8512da7433529f14a3689d6e37ab5242e7add5"},
    {file = "numpy-1.18.4-cp38-cp38-win32.whl", hash = "sha256:f22273dd6a403ed870207b853a856ff6327d5cbce7a835dfa0645b3fc00273ec"},
    {file = "numpy-1.18.4-cp38-cp38-win_amd64.whl", hash = "sha256:1be2e96314a66f5f1ce7764274327fd4fb9da58584eaff00b5a5221edefee7d6"},
    {file = "numpy-1.18.4.zip", hash = "sha256:bbcc85aaf4cd84ba057decaead058f43191cc0e30d6bc5d44fe336dc3d3f4509"},
]
opt-einsum = [
    {file = "opt_einsum-3.2.1-py3-none-any.whl", hash = "sha256:96f819d46da2f937eaf326336a114aaeccbcbdb9de460d42e8b5f480a69adca7"},
    {file = "opt_einsum-3.2.1.tar.gz", hash = "sha256:83b76a98d18ae6a5cc7a0d88955a7f74881f0e567a0f4c949d24c942753eb998"},
]
pandas = [
    {file = "pandas-0.24.2-cp27-cp27m-macosx_10_6_intel.macosx_10_9_intel.macosx_10_9_x86_64.macosx_10_10_intel.macosx_10_10_x86_64.whl", hash = "sha256:17916d818592c9ec891cbef2e90f98cc85e0f1e89ed0924c9b5220dc3209c846"},
    {file = "pandas-0.24.2-cp27-cp27m-win32.whl", hash = "sha256:42e5ad741a0d09232efbc7fc648226ed93306551772fc8aecc6dce9f0e676794"},
    {file = "pandas-0.24.2-cp27-cp27m-win_amd64.whl", hash = "sha256:c9a4b7c55115eb278c19aa14b34fcf5920c8fe7797a09b7b053ddd6195ea89b3"},
    {file = "pandas-0.24.2-cp27-cp27mu-manylinux1_i686.whl", hash = "sha256:5149a6db3e74f23dc3f5a216c2c9ae2e12920aa2d4a5b77e44e5b804a5f93248"},
    {file = "pandas-0.24.2-cp27-cp27mu-manylinux1_x86_64.whl", hash = "sha256:cc8fc0c7a8d5951dc738f1c1447f71c43734244453616f32b8aa0ef6013a5dfb"},
    {file = "pandas-0.24.2-cp35-cp35m-macosx_10_6_intel.macosx_10_9_intel.macosx_10_9_x86_64.macosx_10_10_intel.macosx_10_10_x86_64.whl", hash = "sha256:17450e25ae69e2e6b303817bdf26b2cd57f69595d8550a77c308be0cd0fd58fa"},
    {file = "pandas-0.24.2-cp35-cp35m-manylinux1_i686.whl", hash = "sha256:366f30710172cb45a6b4f43b66c220653b1ea50303fbbd94e50571637ffb9167"},
    {file = "pandas-0.24.2-cp35-cp35m-manylinux1_x86_64.whl", hash = "sha256:4e718e7f395ba5bfe8b6f6aaf2ff1c65a09bb77a36af6394621434e7cc813204"},
    {file = "pandas-0.24.2-cp35-cp35m-win32.whl", hash = "sha256:8c872f7fdf3018b7891e1e3e86c55b190e6c5cee70cab771e8f246c855001296"},
    {file = "pandas-0.24.2-cp35-cp35m-win_amd64.whl", hash = "sha256:a3352bacac12e1fc646213b998bce586f965c9d431773d9e91db27c7c48a1f7d"},
    {file = "pandas-0.24.2-cp36-cp36m-macosx_10_6_intel.macosx_10_9_intel.macosx_10_9_x86_64.macosx_10_10_intel.macosx_10_10_x86_64.whl", hash = "sha256:d7b460bc316064540ce0c41c1438c416a40746fd8a4fb2999668bf18f3c4acf1"},
    {file = "pandas-0.24.2-cp36-cp36m-manylinux1_i686.whl", hash = "sha256:c1bd07ebc15285535f61ddd8c0c75d0d6293e80e1ee6d9a8d73f3f36954342d0"},
    {file = "pandas-0.24.2-cp36-cp36m-manylinux1_x86_64.whl", hash = "sha256:071e42b89b57baa17031af8c6b6bbd2e9a5c68c595bc6bf9adabd7a9ed125d3b"},
    {file = "pandas-0.24.2-cp36-cp36m-win32.whl", hash = "sha256:2538f099ab0e9f9c9d09bbcd94b47fd889bad06dc7ae96b1ed583f1dc1a7a822"},
    {file = "pandas-0.24.2-cp36-cp36m-win_amd64.whl", hash = "sha256:83c702615052f2a0a7fb1dd289726e29ec87a27272d775cb77affe749cca28f8"},
    {file = "pandas-0.24.2-cp37-cp37m-macosx_10_6_intel.macosx_10_9_intel.macosx_10_9_x86_64.macosx_10_10_intel.macosx_10_10_x86_64.whl", hash = "sha256:627594338d6dd995cfc0bacd8e654cd9e1252d2a7c959449228df6740d737eb8"},
    {file = "pandas-0.24.2-cp37-cp37m-manylinux1_x86_64.whl", hash = "sha256:4fe0d7e6438212e839fc5010c78b822664f1a824c0d263fd858f44131d9166e2"},
    {file = "pandas-0.24.2-cp37-cp37m-win32.whl", hash = "sha256:bcdd06007cca02d51350f96debe51331dec429ac8f93930a43eb8fb5639e3eb5"},
    {file = "pandas-0.24.2-cp37-cp37m-win_amd64.whl", hash = "sha256:90f116086063934afd51e61a802a943826d2aac572b2f7d55caaac51c13db5b5"},
    {file = "pandas-0.24.2.tar.gz", hash = "sha256:4f919f409c433577a501e023943e582c57355d50a724c589e78bc1d551a535a2"},
]
protobuf = [
    {file = "protobuf-3.11.3-cp27-cp27m-macosx_10_9_x86_64.whl", hash = "sha256:ef2c2e56aaf9ee914d3dccc3408d42661aaf7d9bb78eaa8f17b2e6282f214481"},
    {file = "protobuf-3.11.3-cp27-cp27mu-manylinux1_x86_64.whl", hash = "sha256:dd9aa4401c36785ea1b6fff0552c674bdd1b641319cb07ed1fe2392388e9b0d7"},
    {file = "protobuf-3.11.3-cp35-cp35m-macosx_10_9_intel.whl", hash = "sha256:310a7aca6e7f257510d0c750364774034272538d51796ca31d42c3925d12a52a"},
    {file = "protobuf-3.11.3-cp35-cp35m-manylinux1_x86_64.whl", hash = "sha256:e512b7f3a4dd780f59f1bf22c302740e27b10b5c97e858a6061772668cd6f961"},
    {file = "protobuf-3.11.3-cp35-cp35m-win32.whl", hash = "sha256:fdfb6ad138dbbf92b5dbea3576d7c8ba7463173f7d2cb0ca1bd336ec88ddbd80"},
    {file = "protobuf-3.11.3-cp35-cp35m-win_amd64.whl", hash = "sha256:e2f8a75261c26b2f5f3442b0525d50fd79a71aeca04b5ec270fc123536188306"},
    {file = "protobuf-3.11.3-cp36-cp36m-macosx_10_9_x86_64.whl", hash = "sha256:c40973a0aee65422d8cb4e7d7cbded95dfeee0199caab54d5ab25b63bce8135a"},
    {file = "protobuf-3.11.3-cp36-cp36m-manylinux1_x86_64.whl", hash = "sha256:adf0e4d57b33881d0c63bb11e7f9038f98ee0c3e334c221f0858f826e8fb0151"},
    {file = "protobuf-3.11.3-cp36-cp36m-win32.whl", hash = "sha256:0bae429443cc4748be2aadfdaf9633297cfaeb24a9a02d0ab15849175ce90fab"},
    {file = "protobuf-3.11.3-cp36-cp36m-win_amd64.whl", hash = "sha256:e11df1ac6905e81b815ab6fd518e79be0a58b5dc427a2cf7208980f30694b956"},
    {file = "protobuf-3.11.3-cp37-cp37m-macosx_10_9_x86_64.whl", hash = "sha256:7774bbbaac81d3ba86de646c39f154afc8156717972bf0450c9dbfa1dc8dbea2"},
    {file = "protobuf-3.11.3-cp37-cp37m-manylinux1_x86_64.whl", hash = "sha256:8eb9c93798b904f141d9de36a0ba9f9b73cc382869e67c9e642c0aba53b0fc07"},
    {file = "protobuf-3.11.3-cp37-cp37m-win32.whl", hash = "sha256:fac513a9dc2a74b99abd2e17109b53945e364649ca03d9f7a0b96aa8d1807d0a"},
    {file = "protobuf-3.11.3-cp37-cp37m-win_amd64.whl", hash = "sha256:82d7ac987715d8d1eb4068bf997f3053468e0ce0287e2729c30601feb6602fee"},
    {file = "protobuf-3.11.3-cp38-cp38-macosx_10_9_x86_64.whl", hash = "sha256:73152776dc75f335c476d11d52ec6f0f6925774802cd48d6189f4d5d7fe753f4"},
    {file = "protobuf-3.11.3-cp38-cp38-manylinux1_x86_64.whl", hash = "sha256:52e586072612c1eec18e1174f8e3bb19d08f075fc2e3f91d3b16c919078469d0"},
    {file = "protobuf-3.11.3-py2.7.egg", hash = "sha256:2affcaba328c4662f3bc3c0e9576ea107906b2c2b6422344cdad961734ff6b93"},
    {file = "protobuf-3.11.3-py2.py3-none-any.whl", hash = "sha256:24e3b6ad259544d717902777b33966a1a069208c885576254c112663e6a5bb0f"},
    {file = "protobuf-3.11.3.tar.gz", hash = "sha256:c77c974d1dadf246d789f6dad1c24426137c9091e930dbf50e0a29c1fcf00b1f"},
]
pycodestyle = [
    {file = "pycodestyle-2.5.0-py2.py3-none-any.whl", hash = "sha256:95a2219d12372f05704562a14ec30bc76b05a5b297b21a5dfe3f6fac3491ae56"},
    {file = "pycodestyle-2.5.0.tar.gz", hash = "sha256:e40a936c9a450ad81df37f549d676d127b1b66000a6c500caa2b085bc0ca976c"},
]
pyparsing = [
    {file = "pyparsing-2.4.7-py2.py3-none-any.whl", hash = "sha256:ef9d7589ef3c200abe66653d3f1ab1033c3c419ae9b9bdb1240a85b024efc88b"},
    {file = "pyparsing-2.4.7.tar.gz", hash = "sha256:c203ec8783bf771a155b207279b9bccb8dea02d8f0c9e5f8ead507bc3246ecc1"},
]
python-dateutil = [
    {file = "python-dateutil-2.8.1.tar.gz", hash = "sha256:73ebfe9dbf22e832286dafa60473e4cd239f8592f699aa5adaf10050e6e1823c"},
    {file = "python_dateutil-2.8.1-py2.py3-none-any.whl", hash = "sha256:75bb3f31ea686f1197762692a9ee6a7550b59fc6ca3a1f4b5d7e32fb98e2da2a"},
]
pytz = [
    {file = "pytz-2020.1-py2.py3-none-any.whl", hash = "sha256:a494d53b6d39c3c6e44c3bec237336e14305e4f29bbf800b599253057fbb79ed"},
    {file = "pytz-2020.1.tar.gz", hash = "sha256:c35965d010ce31b23eeb663ed3cc8c906275d6be1a34393a1d73a41febf4a048"},
]
pyyaml = [
    {file = "PyYAML-5.3.1-cp27-cp27m-win32.whl", hash = "sha256:74809a57b329d6cc0fdccee6318f44b9b8649961fa73144a98735b0aaf029f1f"},
    {file = "PyYAML-5.3.1-cp27-cp27m-win_amd64.whl", hash = "sha256:240097ff019d7c70a4922b6869d8a86407758333f02203e0fc6ff79c5dcede76"},
    {file = "PyYAML-5.3.1-cp35-cp35m-win32.whl", hash = "sha256:4f4b913ca1a7319b33cfb1369e91e50354d6f07a135f3b901aca02aa95940bd2"},
    {file = "PyYAML-5.3.1-cp35-cp35m-win_amd64.whl", hash = "sha256:cc8955cfbfc7a115fa81d85284ee61147059a753344bc51098f3ccd69b0d7e0c"},
    {file = "PyYAML-5.3.1-cp36-cp36m-win32.whl", hash = "sha256:7739fc0fa8205b3ee8808aea45e968bc90082c10aef6ea95e855e10abf4a37b2"},
    {file = "PyYAML-5.3.1-cp36-cp36m-win_amd64.whl", hash = "sha256:69f00dca373f240f842b2931fb2c7e14ddbacd1397d57157a9b005a6a9942648"},
    {file = "PyYAML-5.3.1-cp37-cp37m-win32.whl", hash = "sha256:d13155f591e6fcc1ec3b30685d50bf0711574e2c0dfffd7644babf8b5102ca1a"},
    {file = "PyYAML-5.3.1-cp37-cp37m-win_amd64.whl", hash = "sha256:73f099454b799e05e5ab51423c7bcf361c58d3206fa7b0d555426b1f4d9a3eaf"},
    {file = "PyYAML-5.3.1-cp38-cp38-win32.whl", hash = "sha256:06a0d7ba600ce0b2d2fe2e78453a470b5a6e000a985dd4a4e54e436cc36b0e97"},
    {file = "PyYAML-5.3.1-cp38-cp38-win_amd64.whl", hash = "sha256:95f71d2af0ff4227885f7a6605c37fd53d3a106fcab511b8860ecca9fcf400ee"},
    {file = "PyYAML-5.3.1.tar.gz", hash = "sha256:b8eac752c5e14d3eca0e6dd9199cd627518cb5ec06add0de9d32baeee6fe645d"},
]
scikit-learn = [
    {file = "scikit-learn-0.20.3.tar.gz", hash = "sha256:c503802a81de18b8b4d40d069f5e363795ee44b1605f38bc104160ca3bfe2c41"},
    {file = "scikit_learn-0.20.3-cp27-cp27m-macosx_10_6_intel.macosx_10_9_intel.macosx_10_9_x86_64.macosx_10_10_intel.macosx_10_10_x86_64.whl", hash = "sha256:ba57b73ec7074f60bb85f953296df437784d560553d0cc04b253c43f1846ccad"},
    {file = "scikit_learn-0.20.3-cp27-cp27m-manylinux1_i686.whl", hash = "sha256:b82fbd8843ead2640158b2c0946d354b66f3d49472e6790d70c4ceec35663b3f"},
    {file = "scikit_learn-0.20.3-cp27-cp27m-manylinux1_x86_64.whl", hash = "sha256:a7a403bcea250cac37971058fca0c30b0144737a375f99d3855e5e7a34c43348"},
    {file = "scikit_learn-0.20.3-cp27-cp27m-win32.whl", hash = "sha256:f650ddc023c95681fccd5e297820f35de039e008265040c08188be95b3275a0f"},
    {file = "scikit_learn-0.20.3-cp27-cp27m-win_amd64.whl", hash = "sha256:75f0e0e93851b30639baabfc1a4433aabc57eef269d55ee4c6f649fb60686218"},
    {file = "scikit_learn-0.20.3-cp27-cp27mu-manylinux1_i686.whl", hash = "sha256:67e15514c9df4c5354b3ecc89451f5baa0f1b62c7ed68f4d20febf9c9d9e17a6"},
    {file = "scikit_learn-0.20.3-cp27-cp27mu-manylinux1_x86_64.whl", hash = "sha256:384df81fdba12d21063072f2cf472a7a8425a3d4fa3915faef0a88e94e07b332"},
    {file = "scikit_learn-0.20.3-cp34-cp34m-macosx_10_6_intel.macosx_10_9_intel.macosx_10_9_x86_64.macosx_10_10_intel.macosx_10_10_x86_64.whl", hash = "sha256:63ad98c6512b52aebde9bd806ec1127e13e2a8d42a00ebdf805153819f7c2cad"},
    {file = "scikit_learn-0.20.3-cp34-cp34m-manylinux1_i686.whl", hash = "sha256:382e7053567b7b11e862782e3de2940e2141be24e6262aa0b4a9cb7fdd61f85a"},
    {file = "scikit_learn-0.20.3-cp34-cp34m-manylinux1_x86_64.whl", hash = "sha256:9987f3d31efc427ebf9926f703e5171552cfb3b6935f880e4f0d3a17b7f91540"},
    {file = "scikit_learn-0.20.3-cp34-cp34m-win32.whl", hash = "sha256:1c133749a526b33af2b6695d94d2cc43ba212c5aa7bd3a45619335556ced7637"},
    {file = "scikit_learn-0.20.3-cp34-cp34m-win_amd64.whl", hash = "sha256:d30e8e0dffbc299533f47044fec26c5087473cb29cf51f1995986ac8354c7b4c"},
    {file = "scikit_learn-0.20.3-cp35-cp35m-macosx_10_6_intel.macosx_10_9_intel.macosx_10_9_x86_64.macosx_10_10_intel.macosx_10_10_x86_64.whl", hash = "sha256:d89b810bfb0e16a0de7f18773849bdf83dd7fd0614ae5225e5a9214cdb9be245"},
    {file = "scikit_learn-0.20.3-cp35-cp35m-manylinux1_i686.whl", hash = "sha256:89609708e819342dd5c94617fd53a36187d7d6a80435ddb282f6a60b058dbe77"},
    {file = "scikit_learn-0.20.3-cp35-cp35m-manylinux1_x86_64.whl", hash = "sha256:e22e1d47def2944ad7a12c09452de085587ec5baad2174683e56a42b6918a76f"},
    {file = "scikit_learn-0.20.3-cp35-cp35m-win32.whl", hash = "sha256:8ca274d4e91685e4547af718b6f1e9a9d4912c7a6dcb0c68925de84f81a09d2a"},
    {file = "scikit_learn-0.20.3-cp35-cp35m-win_amd64.whl", hash = "sha256:4705073de7bbcc6b9cd2f24dc9189aa8d3935e8621d3e65546c4b7fee9a042bf"},
    {file = "scikit_learn-0.20.3-cp36-cp36m-macosx_10_6_intel.macosx_10_9_intel.macosx_10_9_x86_64.macosx_10_10_intel.macosx_10_10_x86_64.whl", hash = "sha256:9f3e08dbd3f2f574913faba9b48d3c24a43fcc0eb14a0e962431005434b9cfe6"},
    {file = "scikit_learn-0.20.3-cp36-cp36m-manylinux1_i686.whl", hash = "sha256:ad7e4e823db1271d344e0c3ce0988b2e0fecc49079eec9c818d866c38b2824bd"},
    {file = "scikit_learn-0.20.3-cp36-cp36m-manylinux1_x86_64.whl", hash = "sha256:4f829d6c09b997e1d0a998f970cf3ff82cd6796d56148c63c29174367878d490"},
    {file = "scikit_learn-0.20.3-cp36-cp36m-win32.whl", hash = "sha256:51a933224b1b11986d4c7c123e5b28eb69602899d0179e6888b7abf2ffc85265"},
    {file = "scikit_learn-0.20.3-cp36-cp36m-win_amd64.whl", hash = "sha256:f7d4b3885ad1a7a6f07719ab6b1790d9892d6d41d973e8d4543a93bb15226fb4"},
    {file = "scikit_learn-0.20.3-cp37-cp37m-macosx_10_6_intel.macosx_10_9_intel.macosx_10_9_x86_64.macosx_10_10_intel.macosx_10_10_x86_64.whl", hash = "sha256:b91c82bfd25145d428de99429de97d7a1c2c2658c212689fe2839b29a5251159"},
    {file = "scikit_learn-0.20.3-cp37-cp37m-manylinux1_i686.whl", hash = "sha256:b1e9037a582e650d866324a50d2741724ea5f6c175200bef0b549d014898035a"},
    {file = "scikit_learn-0.20.3-cp37-cp37m-manylinux1_x86_64.whl", hash = "sha256:018f470a7e685767d84ce6fac87af59e064e87ec3cea71eaf12646f9538e293d"},
    {file = "scikit_learn-0.20.3-cp37-cp37m-win32.whl", hash = "sha256:13079520dd8211967d1871e439b59818d335439672818e9683847091d0e07778"},
    {file = "scikit_learn-0.20.3-cp37-cp37m-win_amd64.whl", hash = "sha256:0ae00d570331b8a5c552f721167818b4739a5c855fbc76b11231ccdea2dd26ab"},
]
scipy = [
    {file = "scipy-1.4.1-cp35-cp35m-macosx_10_6_intel.whl", hash = "sha256:c5cac0c0387272ee0e789e94a570ac51deb01c796b37fb2aad1fb13f85e2f97d"},
    {file = "scipy-1.4.1-cp35-cp35m-manylinux1_i686.whl", hash = "sha256:a144811318853a23d32a07bc7fd5561ff0cac5da643d96ed94a4ffe967d89672"},
    {file = "scipy-1.4.1-cp35-cp35m-manylinux1_x86_64.whl", hash = "sha256:71eb180f22c49066f25d6df16f8709f215723317cc951d99e54dc88020ea57be"},
    {file = "scipy-1.4.1-cp35-cp35m-win32.whl", hash = "sha256:770254a280d741dd3436919d47e35712fb081a6ff8bafc0f319382b954b77802"},
    {file = "scipy-1.4.1-cp35-cp35m-win_amd64.whl", hash = "sha256:a1aae70d52d0b074d8121333bc807a485f9f1e6a69742010b33780df2e60cfe0"},
    {file = "scipy-1.4.1-cp36-cp36m-macosx_10_6_intel.whl", hash = "sha256:bb517872058a1f087c4528e7429b4a44533a902644987e7b2fe35ecc223bc408"},
    {file = "scipy-1.4.1-cp36-cp36m-manylinux1_i686.whl", hash = "sha256:dba8306f6da99e37ea08c08fef6e274b5bf8567bb094d1dbe86a20e532aca088"},
    {file = "scipy-1.4.1-cp36-cp36m-manylinux1_x86_64.whl", hash = "sha256:386086e2972ed2db17cebf88610aab7d7f6e2c0ca30042dc9a89cf18dcc363fa"},
    {file = "scipy-1.4.1-cp36-cp36m-win32.whl", hash = "sha256:8d3bc3993b8e4be7eade6dcc6fd59a412d96d3a33fa42b0fa45dc9e24495ede9"},
    {file = "scipy-1.4.1-cp36-cp36m-win_amd64.whl", hash = "sha256:dc60bb302f48acf6da8ca4444cfa17d52c63c5415302a9ee77b3b21618090521"},
    {file = "scipy-1.4.1-cp37-cp37m-macosx_10_6_intel.whl", hash = "sha256:787cc50cab3020a865640aba3485e9fbd161d4d3b0d03a967df1a2881320512d"},
    {file = "scipy-1.4.1-cp37-cp37m-manylinux1_i686.whl", hash = "sha256:0902a620a381f101e184a958459b36d3ee50f5effd186db76e131cbefcbb96f7"},
    {file = "scipy-1.4.1-cp37-cp37m-manylinux1_x86_64.whl", hash = "sha256:00af72998a46c25bdb5824d2b729e7dabec0c765f9deb0b504f928591f5ff9d4"},
    {file = "scipy-1.4.1-cp37-cp37m-win32.whl", hash = "sha256:9508a7c628a165c2c835f2497837bf6ac80eb25291055f56c129df3c943cbaf8"},
    {file = "scipy-1.4.1-cp37-cp37m-win_amd64.whl", hash = "sha256:a2d6df9eb074af7f08866598e4ef068a2b310d98f87dc23bd1b90ec7bdcec802"},
    {file = "scipy-1.4.1-cp38-cp38-macosx_10_9_x86_64.whl", hash = "sha256:3092857f36b690a321a662fe5496cb816a7f4eecd875e1d36793d92d3f884073"},
    {file = "scipy-1.4.1-cp38-cp38-manylinux1_i686.whl", hash = "sha256:8a07760d5c7f3a92e440ad3aedcc98891e915ce857664282ae3c0220f3301eb6"},
    {file = "scipy-1.4.1-cp38-cp38-manylinux1_x86_64.whl", hash = "sha256:1e3190466d669d658233e8a583b854f6386dd62d655539b77b3fa25bfb2abb70"},
    {file = "scipy-1.4.1-cp38-cp38-win32.whl", hash = "sha256:cc971a82ea1170e677443108703a2ec9ff0f70752258d0e9f5433d00dda01f59"},
    {file = "scipy-1.4.1-cp38-cp38-win_amd64.whl", hash = "sha256:2cce3f9847a1a51019e8c5b47620da93950e58ebc611f13e0d11f4980ca5fecb"},
    {file = "scipy-1.4.1.tar.gz", hash = "sha256:dee1bbf3a6c8f73b6b218cb28eed8dd13347ea2f87d572ce19b289d6fd3fbc59"},
]
shortuuid = [
    {file = "shortuuid-1.0.1-py3-none-any.whl", hash = "sha256:492c7402ff91beb1342a5898bd61ea953985bf24a41cd9f247409aa2e03c8f77"},
    {file = "shortuuid-1.0.1.tar.gz", hash = "sha256:3c11d2007b915c43bee3e10625f068d8a349e04f0d81f08f5fa08507427ebf1f"},
]
six = [
    {file = "six-1.14.0-py2.py3-none-any.whl", hash = "sha256:8f3cd2e254d8f793e7f3d6d9df77b92252b52637291d0f0da013c76ea2724b6c"},
    {file = "six-1.14.0.tar.gz", hash = "sha256:236bdbdce46e6e6a3d61a337c0f8b763ca1e8717c03b369e87a7ec7ce1319c0a"},
]
tensorboard = [
    {file = "tensorboard-1.15.0-py2-none-any.whl", hash = "sha256:612b789386aa1b2c4804e1961273b37f8e4dd97613f98bc90ff0402d24627f50"},
    {file = "tensorboard-1.15.0-py3-none-any.whl", hash = "sha256:4cad2c65f6011e51609b463014c014fd7c6ddd9c1263af1d4f18dd97ed88c2bc"},
]
tensorflow-estimator = [
    {file = "tensorflow_estimator-1.15.1-py2.py3-none-any.whl", hash = "sha256:8853bfb7c3c96fbdc80b3d66c37a10af6ccbcd235dc87474764270c02a0f86b9"},
]
tensorflow-gpu = [
    {file = "tensorflow_gpu-1.15.2-cp35-cp35m-manylinux2010_x86_64.whl", hash = "sha256:f5a809e6a0f8aa72d77722fe7aee1cc1e2ead667cf2a9a44317fd6c0baa06922"},
    {file = "tensorflow_gpu-1.15.2-cp35-cp35m-win_amd64.whl", hash = "sha256:ed9088812f81d9f4e53e8abe69116bc6cc3bfbb76186daa7ec141e5908736ba1"},
    {file = "tensorflow_gpu-1.15.2-cp36-cp36m-manylinux2010_x86_64.whl", hash = "sha256:f91bf31e79ae4502522c3b14ccba85aec027e35b8eee96121737299afd3d5b2a"},
    {file = "tensorflow_gpu-1.15.2-cp36-cp36m-win_amd64.whl", hash = "sha256:43db1fdb9cc8dd13b52e1c8184f0ad69b3ca4eb8fc073ed6490ced98f03dabd4"},
    {file = "tensorflow_gpu-1.15.2-cp37-cp37m-manylinux2010_x86_64.whl", hash = "sha256:bd68d17b14c91f62c9dd031fe02f57cb9f4b4028aef6e83141885120b285fcdd"},
    {file = "tensorflow_gpu-1.15.2-cp37-cp37m-win_amd64.whl", hash = "sha256:5da288f1d9bed8b9c23bf34c55b3228056ffaf8cd4ab097b5033a512535ee8ba"},
]
termcolor = [
    {file = "termcolor-1.1.0.tar.gz", hash = "sha256:1d6d69ce66211143803fbc56652b41d73b4a400a2891d7bf7a1cdf4c02de613b"},
]
werkzeug = [
    {file = "Werkzeug-1.0.1-py2.py3-none-any.whl", hash = "sha256:2de2a5db0baeae7b2d2664949077c2ac63fbd16d98da0ff71837f7d1dea3fd43"},
    {file = "Werkzeug-1.0.1.tar.gz", hash = "sha256:6c80b1e5ad3665290ea39320b91e1be1e0d5f60652b964a3070216de83d2e47c"},
]
wheel = [
    {file = "wheel-0.34.2-py2.py3-none-any.whl", hash = "sha256:df277cb51e61359aba502208d680f90c0493adec6f0e848af94948778aed386e"},
    {file = "wheel-0.34.2.tar.gz", hash = "sha256:8788e9155fe14f54164c1b9eb0a319d98ef02c160725587ad60f14ddc57b6f96"},
]
wrapt = [
    {file = "wrapt-1.12.1.tar.gz", hash = "sha256:b62ffa81fb85f4332a4f609cab4ac40709470da05643a082ec1eb88e6d9b97d7"},
]
zipp = [
    {file = "zipp-3.1.0-py3-none-any.whl", hash = "sha256:aa36550ff0c0b7ef7fa639055d797116ee891440eac1a56f378e2d3179e0320b"},
    {file = "zipp-3.1.0.tar.gz", hash = "sha256:c599e4d75c98f6798c509911d08a22e6c021d074469042177c8c86fb92eefd96"},
]
